
Microsoft Visual Studio Solution File, Format Version 12.00
# Visual Studio Version 17
VisualStudioVersion = 17.8.34322.80
MinimumVisualStudioVersion = 10.0.40219.1
Project("{9A19103F-16F7-4668-BE54-9A1E7A4F7556}") = "Pyrite", "src\Pyrite\Pyrite.csproj", "{60F52802-859A-443A-A8C2-ACD9E91A1F45}"
EndProject
Project("{FAE04EC0-301F-11D3-BF4B-00C04F79EFBC}") = "Sandbox", "..\Sandbox\Sandbox.csproj", "{C73717CE-2FBD-4C64-A265-83A5B60A8C13}"
EndProject
Global
	GlobalSection(SolutionConfigurationPlatforms) = preSolution
		Debug|Any CPU = Debug|Any CPU
		Release|Any CPU = Release|Any CPU
	EndGlobalSection
	GlobalSection(ProjectConfigurationPlatforms) = postSolution
		{60F52802-859A-443A-A8C2-ACD9E91A1F45}.Debug|Any CPU.ActiveCfg = Debug|Any CPU
		{60F52802-859A-443A-A8C2-ACD9E91A1F45}.Debug|Any CPU.Build.0 = Debug|Any CPU
		{60F52802-859A-443A-A8C2-ACD9E91A1F45}.Release|Any CPU.ActiveCfg = Release|Any CPU
		{60F52802-859A-443A-A8C2-ACD9E91A1F45}.Release|Any CPU.Build.0 = Release|Any CPU
		{C73717CE-2FBD-4C64-A265-83A5B60A8C13}.Debug|Any CPU.ActiveCfg = Debug|Any CPU
		{C73717CE-2FBD-4C64-A265-83A5B60A8C13}.Debug|Any CPU.Build.0 = Debug|Any CPU
		{C73717CE-2FBD-4C64-A265-83A5B60A8C13}.Release|Any CPU.ActiveCfg = Release|Any CPU
		{C73717CE-2FBD-4C64-A265-83A5B60A8C13}.Release|Any CPU.Build.0 = Release|Any CPU
	EndGlobalSection
	GlobalSection(SolutionProperties) = preSolution
		HideSolutionNode = FALSE
	EndGlobalSection
	GlobalSection(ExtensibilityGlobals) = postSolution
		SolutionGuid = {0288FDE6-A602-4089-A033-3E0D6D0332E9}
	EndGlobalSection
EndGlobal
