
Microsoft Visual Studio Solution File, Format Version 12.00
# Visual Studio Version 17
VisualStudioVersion = 17.8.34322.80
MinimumVisualStudioVersion = 10.0.40219.1
Project("{9A19103F-16F7-4668-BE54-9A1E7A4F7556}") = "test", "test.csproj", "{0F522698-0D92-48B6-AC28-4BDC8E8E93AA}"
EndProject
Global
	GlobalSection(SolutionConfigurationPlatforms) = preSolution
		Debug|Any CPU = Debug|Any CPU
		Release|Any CPU = Release|Any CPU
	EndGlobalSection
	GlobalSection(ProjectConfigurationPlatforms) = postSolution
		{0F522698-0D92-48B6-AC28-4BDC8E8E93AA}.Debug|Any CPU.ActiveCfg = Debug|Any CPU
		{0F522698-0D92-48B6-AC28-4BDC8E8E93AA}.Debug|Any CPU.Build.0 = Debug|Any CPU
		{0F522698-0D92-48B6-AC28-4BDC8E8E93AA}.Release|Any CPU.ActiveCfg = Release|Any CPU
		{0F522698-0D92-48B6-AC28-4BDC8E8E93AA}.Release|Any CPU.Build.0 = Release|Any CPU
	EndGlobalSection
	GlobalSection(SolutionProperties) = preSolution
		HideSolutionNode = FALSE
	EndGlobalSection
	GlobalSection(ExtensibilityGlobals) = postSolution
		SolutionGuid = {868FB8AB-65F7-445E-9EE5-58B1D0C32A71}
	EndGlobalSection
EndGlobal
